
Microsoft Visual Studio Solution File, Format Version 12.00
# Visual Studio Version 17
VisualStudioVersion = 17.1.32414.318
MinimumVisualStudioVersion = 10.0.40219.1
Project("{FAE04EC0-301F-11D3-BF4B-00C04F79EFBC}") = "WPizza", "WPizza\WPizza.csproj", "{B2951FE8-3D79-4B5B-A671-688441496376}"
EndProject
Global
	GlobalSection(SolutionConfigurationPlatforms) = preSolution
		Debug|Any CPU = Debug|Any CPU
		Release|Any CPU = Release|Any CPU
	EndGlobalSection
	GlobalSection(ProjectConfigurationPlatforms) = postSolution
		{B2951FE8-3D79-4B5B-A671-688441496376}.Debug|Any CPU.ActiveCfg = Debug|Any CPU
		{B2951FE8-3D79-4B5B-A671-688441496376}.Debug|Any CPU.Build.0 = Debug|Any CPU
		{B2951FE8-3D79-4B5B-A671-688441496376}.Release|Any CPU.ActiveCfg = Release|Any CPU
		{B2951FE8-3D79-4B5B-A671-688441496376}.Release|Any CPU.Build.0 = Release|Any CPU
	EndGlobalSection
	GlobalSection(SolutionProperties) = preSolution
		HideSolutionNode = FALSE
	EndGlobalSection
	GlobalSection(ExtensibilityGlobals) = postSolution
		SolutionGuid = {7F650AB6-EB37-451E-AC95-62E124E3E139}
	EndGlobalSection
EndGlobal
